
Microsoft Visual Studio Solution File, Format Version 12.00
# Visual Studio 15
VisualStudioVersion = 15.0.26730.12
MinimumVisualStudioVersion = 10.0.40219.1
Project("{FAE04EC0-301F-11D3-BF4B-00C04F79EFBC}") = "F3.Infrastructure", "F3.Infrastructure\F3.Infrastructure.csproj", "{1CE17557-BE64-487A-ACBB-DEB59E7C7DD0}"
EndProject
Project("{FAE04EC0-301F-11D3-BF4B-00C04F79EFBC}") = "F3.ViewModels", "F3.ViewModels\F3.ViewModels.csproj", "{558C9F15-FCC8-47EF-A937-B8CE57125F03}"
EndProject
Project("{FAE04EC0-301F-11D3-BF4B-00C04F79EFBC}") = "F3.Business", "F3.Business\F3.Business.csproj", "{5752D4DC-E2B7-4E5C-A296-C72C642FF792}"
EndProject
Project("{FAE04EC0-301F-11D3-BF4B-00C04F79EFBC}") = "F3Mobile", "F3Mobile\F3Mobile.csproj", "{41C00C1A-6077-492A-9114-D441F9C7CFB0}"
EndProject
Project("{2150E333-8FDC-42A3-9474-1A3956D46DE8}") = "Tests", "Tests", "{1F558B1D-0408-486B-9484-12745827379D}"
EndProject
Project("{FAE04EC0-301F-11D3-BF4B-00C04F79EFBC}") = "F3.Business.Tests", "F3.Business.Tests\F3.Business.Tests.csproj", "{51092D03-7196-42FD-8126-92DE59658250}"
EndProject
Project("{2150E333-8FDC-42A3-9474-1A3956D46DE8}") = "Library", "Library", "{7A351E4B-6D70-4185-8D9F-75A29E7DC939}"
	ProjectSection(SolutionItems) = preProject
		Library\StravaDotNet.dll = Library\StravaDotNet.dll
	EndProjectSection
EndProject
Global
	GlobalSection(SolutionConfigurationPlatforms) = preSolution
		Debug|Any CPU = Debug|Any CPU
		Release|Any CPU = Release|Any CPU
	EndGlobalSection
	GlobalSection(ProjectConfigurationPlatforms) = postSolution
		{1CE17557-BE64-487A-ACBB-DEB59E7C7DD0}.Debug|Any CPU.ActiveCfg = Debug|Any CPU
		{1CE17557-BE64-487A-ACBB-DEB59E7C7DD0}.Debug|Any CPU.Build.0 = Debug|Any CPU
		{1CE17557-BE64-487A-ACBB-DEB59E7C7DD0}.Release|Any CPU.ActiveCfg = Release|Any CPU
		{1CE17557-BE64-487A-ACBB-DEB59E7C7DD0}.Release|Any CPU.Build.0 = Release|Any CPU
		{558C9F15-FCC8-47EF-A937-B8CE57125F03}.Debug|Any CPU.ActiveCfg = Debug|Any CPU
		{558C9F15-FCC8-47EF-A937-B8CE57125F03}.Debug|Any CPU.Build.0 = Debug|Any CPU
		{558C9F15-FCC8-47EF-A937-B8CE57125F03}.Release|Any CPU.ActiveCfg = Release|Any CPU
		{558C9F15-FCC8-47EF-A937-B8CE57125F03}.Release|Any CPU.Build.0 = Release|Any CPU
		{5752D4DC-E2B7-4E5C-A296-C72C642FF792}.Debug|Any CPU.ActiveCfg = Debug|Any CPU
		{5752D4DC-E2B7-4E5C-A296-C72C642FF792}.Debug|Any CPU.Build.0 = Debug|Any CPU
		{5752D4DC-E2B7-4E5C-A296-C72C642FF792}.Release|Any CPU.ActiveCfg = Release|Any CPU
		{5752D4DC-E2B7-4E5C-A296-C72C642FF792}.Release|Any CPU.Build.0 = Release|Any CPU
		{41C00C1A-6077-492A-9114-D441F9C7CFB0}.Debug|Any CPU.ActiveCfg = Debug|Any CPU
		{41C00C1A-6077-492A-9114-D441F9C7CFB0}.Debug|Any CPU.Build.0 = Debug|Any CPU
		{41C00C1A-6077-492A-9114-D441F9C7CFB0}.Release|Any CPU.ActiveCfg = Release|Any CPU
		{41C00C1A-6077-492A-9114-D441F9C7CFB0}.Release|Any CPU.Build.0 = Release|Any CPU
		{51092D03-7196-42FD-8126-92DE59658250}.Debug|Any CPU.ActiveCfg = Debug|Any CPU
		{51092D03-7196-42FD-8126-92DE59658250}.Debug|Any CPU.Build.0 = Debug|Any CPU
		{51092D03-7196-42FD-8126-92DE59658250}.Release|Any CPU.ActiveCfg = Release|Any CPU
		{51092D03-7196-42FD-8126-92DE59658250}.Release|Any CPU.Build.0 = Release|Any CPU
	EndGlobalSection
	GlobalSection(SolutionProperties) = preSolution
		HideSolutionNode = FALSE
	EndGlobalSection
	GlobalSection(NestedProjects) = preSolution
		{51092D03-7196-42FD-8126-92DE59658250} = {1F558B1D-0408-486B-9484-12745827379D}
	EndGlobalSection
	GlobalSection(ExtensibilityGlobals) = postSolution
		SolutionGuid = {7F6DD090-6D87-49FD-A540-3B5B02A96CD1}
	EndGlobalSection
EndGlobal
